
Microsoft Visual Studio Solution File, Format Version 12.00
# Visual Studio Version 17
VisualStudioVersion = 17.7.34202.233
MinimumVisualStudioVersion = 10.0.40219.1
Project("{9A19103F-16F7-4668-BE54-9A1E7A4F7556}") = "EmpLib", "EmpSystem\EmpLib.csproj", "{262EABDD-40C9-426E-B058-D96287915AB0}"
EndProject
Project("{2150E333-8FDC-42A3-9474-1A3956D46DE8}") = "EmpSystem", "EmpSystem", "{6F65845B-9700-4921-A7D7-BE64F104046C}"
EndProject
Project("{9A19103F-16F7-4668-BE54-9A1E7A4F7556}") = "EmpConsole", "EmpConsole\EmpConsole.csproj", "{77B79A91-96D0-4D0E-96B3-2587CDC321C5}"
EndProject
Project("{2150E333-8FDC-42A3-9474-1A3956D46DE8}") = "PL", "PL", "{3ED858F5-ABF7-443B-ADEC-780A09917768}"
EndProject
Project("{2150E333-8FDC-42A3-9474-1A3956D46DE8}") = "BL", "BL", "{F4728BFB-2CC3-46F6-B248-605193A6AC28}"
EndProject
Project("{9A19103F-16F7-4668-BE54-9A1E7A4F7556}") = "EmpForms", "EmpForms\EmpForms.csproj", "{68DED073-893E-475D-9E6B-27C90959DC77}"
EndProject
Project("{9A19103F-16F7-4668-BE54-9A1E7A4F7556}") = "Delegates", "Delegates\Delegates.csproj", "{6E4EA04C-9791-4E69-A5FE-FBD95DE80514}"
EndProject
Project("{2150E333-8FDC-42A3-9474-1A3956D46DE8}") = "DAL", "DAL", "{6698E288-7044-4623-B772-3BE2798A0E41}"
EndProject
Project("{9A19103F-16F7-4668-BE54-9A1E7A4F7556}") = "TestDal", "TestDal\TestDal.csproj", "{453FC4D0-53F1-41C5-8A80-53F24B5FC38E}"
EndProject
Project("{9A19103F-16F7-4668-BE54-9A1E7A4F7556}") = "LabDal", "LalDal\LabDal.csproj", "{84F164A2-47A9-47A7-B3E2-C48032C9A448}"
EndProject
Project("{9A19103F-16F7-4668-BE54-9A1E7A4F7556}") = "TestDbConsole", "TestDbConsole\TestDbConsole.csproj", "{28E05807-9A58-4D60-A1DC-16896D1C6D1A}"
EndProject
Project("{9A19103F-16F7-4668-BE54-9A1E7A4F7556}") = "DbFirstEF", "DbFirstEF\DbFirstEF.csproj", "{24603693-6C10-4412-8F7B-7F670F55A1C5}"
EndProject
Project("{9A19103F-16F7-4668-BE54-9A1E7A4F7556}") = "SampleWebApp", "SampleWebApp\SampleWebApp.csproj", "{93109E3A-E6C5-4E7C-918A-AE412C87A66B}"
EndProject
Project("{9A19103F-16F7-4668-BE54-9A1E7A4F7556}") = "EmpDal", "EmpDal\EmpDal.csproj", "{4067AFB2-6705-4150-AEAE-397563C57236}"
EndProject
Project("{2150E333-8FDC-42A3-9474-1A3956D46DE8}") = "ProductTemplate", "ProductTemplate", "{85CB6A16-637D-4FA1-809D-2F2232D4F572}"
EndProject
Project("{9A19103F-16F7-4668-BE54-9A1E7A4F7556}") = "WebPL", "WebPL\WebPL.csproj", "{80B46FAD-3F88-4278-B95A-976D22287644}"
EndProject
Project("{9A19103F-16F7-4668-BE54-9A1E7A4F7556}") = "BLLib", "BLLib\BLLib.csproj", "{89EFAF97-DB09-4302-9102-32DDB66C056E}"
EndProject
Project("{9A19103F-16F7-4668-BE54-9A1E7A4F7556}") = "BLLib2", "BLLib2\BLLib2.csproj", "{E40B255F-1D2C-4868-B611-C62EED9DDABC}"
EndProject
Project("{9A19103F-16F7-4668-BE54-9A1E7A4F7556}") = "DalLib", "DalLib\DalLib.csproj", "{50FA8B06-8954-4E9E-BFE3-743AA84BE0B4}"
EndProject
Project("{9A19103F-16F7-4668-BE54-9A1E7A4F7556}") = "ServiceApi", "ServiceApi\ServiceApi.csproj", "{1AD033AF-B824-499A-A61B-0329164C15C4}"
EndProject
Project("{9A19103F-16F7-4668-BE54-9A1E7A4F7556}") = "EmpWebApp", "EmpWebApp\EmpWebApp.csproj", "{32EA02CE-6795-43E0-B751-569FBD1ACD4A}"
EndProject
Project("{9A19103F-16F7-4668-BE54-9A1E7A4F7556}") = "FirstApi", "FirstApi\FirstApi.csproj", "{8E517E81-266B-472B-95D4-C4FFC413ACA3}"
EndProject
Project("{9A19103F-16F7-4668-BE54-9A1E7A4F7556}") = "DependencyInjection", "DependencyInjection\DependencyInjection.csproj", "{DE65423C-B6E3-4CC7-A37C-C94E17A751F9}"
EndProject
Project("{9A19103F-16F7-4668-BE54-9A1E7A4F7556}") = "IndividualAuth", "IndividualAuth\IndividualAuth.csproj", "{F17B3BF4-068F-4FFF-84E1-C3D42919E678}"
EndProject
Project("{9A19103F-16F7-4668-BE54-9A1E7A4F7556}") = "WindowsAuthApi", "WindowsAuthApi\WindowsAuthApi.csproj", "{4DF6CF0C-3207-403B-8E78-856E8415A4B3}"
EndProject
Project("{9A19103F-16F7-4668-BE54-9A1E7A4F7556}") = "JWTAuth", "JWTAuth\JWTAuth.csproj", "{4AAD4406-74EE-4F29-90DE-5ABBAFBA017A}"
EndProject
Project("{2150E333-8FDC-42A3-9474-1A3956D46DE8}") = "Web Api Clients", "Web Api Clients", "{1A7BEDB7-1339-4E40-BDDE-CC49ED884F78}"
EndProject
Project("{9A19103F-16F7-4668-BE54-9A1E7A4F7556}") = "ConsoleClient", "ConsoleClient\ConsoleClient.csproj", "{BF520741-C061-4B3C-B8E3-83E0E09A21B6}"
EndProject
Project("{FAE04EC0-301F-11D3-BF4B-00C04F79EFBC}") = "AsuncAwait", "AsuncAwait\AsuncAwait.csproj", "{70ECC8F0-A96E-4B0B-9939-9B2AC4590430}"
EndProject
Global
	GlobalSection(SolutionConfigurationPlatforms) = preSolution
		Debug|Any CPU = Debug|Any CPU
		Release|Any CPU = Release|Any CPU
	EndGlobalSection
	GlobalSection(ProjectConfigurationPlatforms) = postSolution
		{262EABDD-40C9-426E-B058-D96287915AB0}.Debug|Any CPU.ActiveCfg = Debug|Any CPU
		{262EABDD-40C9-426E-B058-D96287915AB0}.Debug|Any CPU.Build.0 = Debug|Any CPU
		{262EABDD-40C9-426E-B058-D96287915AB0}.Release|Any CPU.ActiveCfg = Release|Any CPU
		{262EABDD-40C9-426E-B058-D96287915AB0}.Release|Any CPU.Build.0 = Release|Any CPU
		{77B79A91-96D0-4D0E-96B3-2587CDC321C5}.Debug|Any CPU.ActiveCfg = Debug|Any CPU
		{77B79A91-96D0-4D0E-96B3-2587CDC321C5}.Debug|Any CPU.Build.0 = Debug|Any CPU
		{77B79A91-96D0-4D0E-96B3-2587CDC321C5}.Release|Any CPU.ActiveCfg = Release|Any CPU
		{77B79A91-96D0-4D0E-96B3-2587CDC321C5}.Release|Any CPU.Build.0 = Release|Any CPU
		{68DED073-893E-475D-9E6B-27C90959DC77}.Debug|Any CPU.ActiveCfg = Debug|Any CPU
		{68DED073-893E-475D-9E6B-27C90959DC77}.Debug|Any CPU.Build.0 = Debug|Any CPU
		{68DED073-893E-475D-9E6B-27C90959DC77}.Release|Any CPU.ActiveCfg = Release|Any CPU
		{68DED073-893E-475D-9E6B-27C90959DC77}.Release|Any CPU.Build.0 = Release|Any CPU
		{6E4EA04C-9791-4E69-A5FE-FBD95DE80514}.Debug|Any CPU.ActiveCfg = Debug|Any CPU
		{6E4EA04C-9791-4E69-A5FE-FBD95DE80514}.Debug|Any CPU.Build.0 = Debug|Any CPU
		{6E4EA04C-9791-4E69-A5FE-FBD95DE80514}.Release|Any CPU.ActiveCfg = Release|Any CPU
		{6E4EA04C-9791-4E69-A5FE-FBD95DE80514}.Release|Any CPU.Build.0 = Release|Any CPU
		{453FC4D0-53F1-41C5-8A80-53F24B5FC38E}.Debug|Any CPU.ActiveCfg = Debug|Any CPU
		{453FC4D0-53F1-41C5-8A80-53F24B5FC38E}.Debug|Any CPU.Build.0 = Debug|Any CPU
		{453FC4D0-53F1-41C5-8A80-53F24B5FC38E}.Release|Any CPU.ActiveCfg = Release|Any CPU
		{453FC4D0-53F1-41C5-8A80-53F24B5FC38E}.Release|Any CPU.Build.0 = Release|Any CPU
		{84F164A2-47A9-47A7-B3E2-C48032C9A448}.Debug|Any CPU.ActiveCfg = Debug|Any CPU
		{84F164A2-47A9-47A7-B3E2-C48032C9A448}.Debug|Any CPU.Build.0 = Debug|Any CPU
		{84F164A2-47A9-47A7-B3E2-C48032C9A448}.Release|Any CPU.ActiveCfg = Release|Any CPU
		{84F164A2-47A9-47A7-B3E2-C48032C9A448}.Release|Any CPU.Build.0 = Release|Any CPU
		{28E05807-9A58-4D60-A1DC-16896D1C6D1A}.Debug|Any CPU.ActiveCfg = Debug|Any CPU
		{28E05807-9A58-4D60-A1DC-16896D1C6D1A}.Debug|Any CPU.Build.0 = Debug|Any CPU
		{28E05807-9A58-4D60-A1DC-16896D1C6D1A}.Release|Any CPU.ActiveCfg = Release|Any CPU
		{28E05807-9A58-4D60-A1DC-16896D1C6D1A}.Release|Any CPU.Build.0 = Release|Any CPU
		{24603693-6C10-4412-8F7B-7F670F55A1C5}.Debug|Any CPU.ActiveCfg = Debug|Any CPU
		{24603693-6C10-4412-8F7B-7F670F55A1C5}.Debug|Any CPU.Build.0 = Debug|Any CPU
		{24603693-6C10-4412-8F7B-7F670F55A1C5}.Release|Any CPU.ActiveCfg = Release|Any CPU
		{24603693-6C10-4412-8F7B-7F670F55A1C5}.Release|Any CPU.Build.0 = Release|Any CPU
		{93109E3A-E6C5-4E7C-918A-AE412C87A66B}.Debug|Any CPU.ActiveCfg = Debug|Any CPU
		{93109E3A-E6C5-4E7C-918A-AE412C87A66B}.Debug|Any CPU.Build.0 = Debug|Any CPU
		{93109E3A-E6C5-4E7C-918A-AE412C87A66B}.Release|Any CPU.ActiveCfg = Release|Any CPU
		{93109E3A-E6C5-4E7C-918A-AE412C87A66B}.Release|Any CPU.Build.0 = Release|Any CPU
		{4067AFB2-6705-4150-AEAE-397563C57236}.Debug|Any CPU.ActiveCfg = Debug|Any CPU
		{4067AFB2-6705-4150-AEAE-397563C57236}.Debug|Any CPU.Build.0 = Debug|Any CPU
		{4067AFB2-6705-4150-AEAE-397563C57236}.Release|Any CPU.ActiveCfg = Release|Any CPU
		{4067AFB2-6705-4150-AEAE-397563C57236}.Release|Any CPU.Build.0 = Release|Any CPU
		{80B46FAD-3F88-4278-B95A-976D22287644}.Debug|Any CPU.ActiveCfg = Debug|Any CPU
		{80B46FAD-3F88-4278-B95A-976D22287644}.Debug|Any CPU.Build.0 = Debug|Any CPU
		{80B46FAD-3F88-4278-B95A-976D22287644}.Release|Any CPU.ActiveCfg = Release|Any CPU
		{80B46FAD-3F88-4278-B95A-976D22287644}.Release|Any CPU.Build.0 = Release|Any CPU
		{89EFAF97-DB09-4302-9102-32DDB66C056E}.Debug|Any CPU.ActiveCfg = Debug|Any CPU
		{89EFAF97-DB09-4302-9102-32DDB66C056E}.Debug|Any CPU.Build.0 = Debug|Any CPU
		{89EFAF97-DB09-4302-9102-32DDB66C056E}.Release|Any CPU.ActiveCfg = Release|Any CPU
		{89EFAF97-DB09-4302-9102-32DDB66C056E}.Release|Any CPU.Build.0 = Release|Any CPU
		{E40B255F-1D2C-4868-B611-C62EED9DDABC}.Debug|Any CPU.ActiveCfg = Debug|Any CPU
		{E40B255F-1D2C-4868-B611-C62EED9DDABC}.Debug|Any CPU.Build.0 = Debug|Any CPU
		{E40B255F-1D2C-4868-B611-C62EED9DDABC}.Release|Any CPU.ActiveCfg = Release|Any CPU
		{E40B255F-1D2C-4868-B611-C62EED9DDABC}.Release|Any CPU.Build.0 = Release|Any CPU
		{50FA8B06-8954-4E9E-BFE3-743AA84BE0B4}.Debug|Any CPU.ActiveCfg = Debug|Any CPU
		{50FA8B06-8954-4E9E-BFE3-743AA84BE0B4}.Debug|Any CPU.Build.0 = Debug|Any CPU
		{50FA8B06-8954-4E9E-BFE3-743AA84BE0B4}.Release|Any CPU.ActiveCfg = Release|Any CPU
		{50FA8B06-8954-4E9E-BFE3-743AA84BE0B4}.Release|Any CPU.Build.0 = Release|Any CPU
		{1AD033AF-B824-499A-A61B-0329164C15C4}.Debug|Any CPU.ActiveCfg = Debug|Any CPU
		{1AD033AF-B824-499A-A61B-0329164C15C4}.Debug|Any CPU.Build.0 = Debug|Any CPU
		{1AD033AF-B824-499A-A61B-0329164C15C4}.Release|Any CPU.ActiveCfg = Release|Any CPU
		{1AD033AF-B824-499A-A61B-0329164C15C4}.Release|Any CPU.Build.0 = Release|Any CPU
		{32EA02CE-6795-43E0-B751-569FBD1ACD4A}.Debug|Any CPU.ActiveCfg = Debug|Any CPU
		{32EA02CE-6795-43E0-B751-569FBD1ACD4A}.Debug|Any CPU.Build.0 = Debug|Any CPU
		{32EA02CE-6795-43E0-B751-569FBD1ACD4A}.Release|Any CPU.ActiveCfg = Release|Any CPU
		{32EA02CE-6795-43E0-B751-569FBD1ACD4A}.Release|Any CPU.Build.0 = Release|Any CPU
		{8E517E81-266B-472B-95D4-C4FFC413ACA3}.Debug|Any CPU.ActiveCfg = Debug|Any CPU
		{8E517E81-266B-472B-95D4-C4FFC413ACA3}.Debug|Any CPU.Build.0 = Debug|Any CPU
		{8E517E81-266B-472B-95D4-C4FFC413ACA3}.Release|Any CPU.ActiveCfg = Release|Any CPU
		{8E517E81-266B-472B-95D4-C4FFC413ACA3}.Release|Any CPU.Build.0 = Release|Any CPU
		{DE65423C-B6E3-4CC7-A37C-C94E17A751F9}.Debug|Any CPU.ActiveCfg = Debug|Any CPU
		{DE65423C-B6E3-4CC7-A37C-C94E17A751F9}.Debug|Any CPU.Build.0 = Debug|Any CPU
		{DE65423C-B6E3-4CC7-A37C-C94E17A751F9}.Release|Any CPU.ActiveCfg = Release|Any CPU
		{DE65423C-B6E3-4CC7-A37C-C94E17A751F9}.Release|Any CPU.Build.0 = Release|Any CPU
		{F17B3BF4-068F-4FFF-84E1-C3D42919E678}.Debug|Any CPU.ActiveCfg = Debug|Any CPU
		{F17B3BF4-068F-4FFF-84E1-C3D42919E678}.Debug|Any CPU.Build.0 = Debug|Any CPU
		{F17B3BF4-068F-4FFF-84E1-C3D42919E678}.Release|Any CPU.ActiveCfg = Release|Any CPU
		{F17B3BF4-068F-4FFF-84E1-C3D42919E678}.Release|Any CPU.Build.0 = Release|Any CPU
		{4DF6CF0C-3207-403B-8E78-856E8415A4B3}.Debug|Any CPU.ActiveCfg = Debug|Any CPU
		{4DF6CF0C-3207-403B-8E78-856E8415A4B3}.Debug|Any CPU.Build.0 = Debug|Any CPU
		{4DF6CF0C-3207-403B-8E78-856E8415A4B3}.Release|Any CPU.ActiveCfg = Release|Any CPU
		{4DF6CF0C-3207-403B-8E78-856E8415A4B3}.Release|Any CPU.Build.0 = Release|Any CPU
		{4AAD4406-74EE-4F29-90DE-5ABBAFBA017A}.Debug|Any CPU.ActiveCfg = Debug|Any CPU
		{4AAD4406-74EE-4F29-90DE-5ABBAFBA017A}.Debug|Any CPU.Build.0 = Debug|Any CPU
		{4AAD4406-74EE-4F29-90DE-5ABBAFBA017A}.Release|Any CPU.ActiveCfg = Release|Any CPU
		{4AAD4406-74EE-4F29-90DE-5ABBAFBA017A}.Release|Any CPU.Build.0 = Release|Any CPU
		{BF520741-C061-4B3C-B8E3-83E0E09A21B6}.Debug|Any CPU.ActiveCfg = Debug|Any CPU
		{BF520741-C061-4B3C-B8E3-83E0E09A21B6}.Debug|Any CPU.Build.0 = Debug|Any CPU
		{BF520741-C061-4B3C-B8E3-83E0E09A21B6}.Release|Any CPU.ActiveCfg = Release|Any CPU
		{BF520741-C061-4B3C-B8E3-83E0E09A21B6}.Release|Any CPU.Build.0 = Release|Any CPU
		{70ECC8F0-A96E-4B0B-9939-9B2AC4590430}.Debug|Any CPU.ActiveCfg = Debug|Any CPU
		{70ECC8F0-A96E-4B0B-9939-9B2AC4590430}.Debug|Any CPU.Build.0 = Debug|Any CPU
		{70ECC8F0-A96E-4B0B-9939-9B2AC4590430}.Release|Any CPU.ActiveCfg = Release|Any CPU
		{70ECC8F0-A96E-4B0B-9939-9B2AC4590430}.Release|Any CPU.Build.0 = Release|Any CPU
	EndGlobalSection
	GlobalSection(SolutionProperties) = preSolution
		HideSolutionNode = FALSE
	EndGlobalSection
	GlobalSection(NestedProjects) = preSolution
		{262EABDD-40C9-426E-B058-D96287915AB0} = {F4728BFB-2CC3-46F6-B248-605193A6AC28}
		{77B79A91-96D0-4D0E-96B3-2587CDC321C5} = {3ED858F5-ABF7-443B-ADEC-780A09917768}
		{3ED858F5-ABF7-443B-ADEC-780A09917768} = {6F65845B-9700-4921-A7D7-BE64F104046C}
		{F4728BFB-2CC3-46F6-B248-605193A6AC28} = {6F65845B-9700-4921-A7D7-BE64F104046C}
		{68DED073-893E-475D-9E6B-27C90959DC77} = {3ED858F5-ABF7-443B-ADEC-780A09917768}
		{6698E288-7044-4623-B772-3BE2798A0E41} = {6F65845B-9700-4921-A7D7-BE64F104046C}
		{453FC4D0-53F1-41C5-8A80-53F24B5FC38E} = {6698E288-7044-4623-B772-3BE2798A0E41}
		{84F164A2-47A9-47A7-B3E2-C48032C9A448} = {6698E288-7044-4623-B772-3BE2798A0E41}
		{28E05807-9A58-4D60-A1DC-16896D1C6D1A} = {3ED858F5-ABF7-443B-ADEC-780A09917768}
		{24603693-6C10-4412-8F7B-7F670F55A1C5} = {6698E288-7044-4623-B772-3BE2798A0E41}
		{4067AFB2-6705-4150-AEAE-397563C57236} = {6698E288-7044-4623-B772-3BE2798A0E41}
		{80B46FAD-3F88-4278-B95A-976D22287644} = {85CB6A16-637D-4FA1-809D-2F2232D4F572}
		{89EFAF97-DB09-4302-9102-32DDB66C056E} = {85CB6A16-637D-4FA1-809D-2F2232D4F572}
		{E40B255F-1D2C-4868-B611-C62EED9DDABC} = {85CB6A16-637D-4FA1-809D-2F2232D4F572}
		{50FA8B06-8954-4E9E-BFE3-743AA84BE0B4} = {85CB6A16-637D-4FA1-809D-2F2232D4F572}
		{1AD033AF-B824-499A-A61B-0329164C15C4} = {85CB6A16-637D-4FA1-809D-2F2232D4F572}
		{32EA02CE-6795-43E0-B751-569FBD1ACD4A} = {3ED858F5-ABF7-443B-ADEC-780A09917768}
		{BF520741-C061-4B3C-B8E3-83E0E09A21B6} = {1A7BEDB7-1339-4E40-BDDE-CC49ED884F78}
	EndGlobalSection
	GlobalSection(ExtensibilityGlobals) = postSolution
		SolutionGuid = {7223AEB9-2DA2-4493-AED7-10F9A5C1923C}
	EndGlobalSection
EndGlobal
